Microsoft Visual Studio Solution File, Format Version 12.00
# Visual Studio 15
VisualStudioVersion = 15.0.27004.2005
MinimumVisualStudioVersion = 10.0.40219.1
Project("{9A19103F-16F7-4668-BE54-9A1E7A4F7556}") = "Domain", "Domain\Domain.csproj", "{578B1080-7F39-44FF-8001-54BBBC1132AB}"
EndProject
Project("{9A19103F-16F7-4668-BE54-9A1E7A4F7556}") = "Infrastructure", "Infrastructure\Infrastructure.csproj", "{34F0DD4E-BFF4-4B68-BBF1-2EDE6983F70D}"
EndProject
Project("{9A19103F-16F7-4668-BE54-9A1E7A4F7556}") = "Domain.Core", "Domain.Core\Domain.Core.csproj", "{BB5D1585-82E1-4F89-9C8C-0D4983918E91}"
EndProject
Project("{9A19103F-16F7-4668-BE54-9A1E7A4F7556}") = "Application", "Application\Application.csproj", "{4B2535A5-09EA-4AB2-98D4-7EA42037D572}"
EndProject
Project("{9A19103F-16F7-4668-BE54-9A1E7A4F7556}") = "Identity", "Identity\Identity.csproj", "{12D9C53E-80ED-48C0-B36E-A1EFCF13B2EB}"
EndProject
Project("{FAE04EC0-301F-11D3-BF4B-00C04F79EFBC}") = "Tests", "Tests\Tests.csproj", "{FF0D5DA9-8F17-46CF-8940-C8B3EF6628D2}"
EndProject
Project("{FAE04EC0-301F-11D3-BF4B-00C04F79EFBC}") = "WebAPI", "WebAPI\WebAPI.csproj", "{C5EFC439-902D-4195-BFCB-1F73CA79662A}"
EndProject
Global
	GlobalSection(SolutionConfigurationPlatforms) = preSolution
		Debug|Any CPU = Debug|Any CPU
		Debug|x64 = Debug|x64
		Debug|x86 = Debug|x86
		Release|Any CPU = Release|Any CPU
		Release|x64 = Release|x64
		Release|x86 = Release|x86
	EndGlobalSection
	GlobalSection(ProjectConfigurationPlatforms) = postSolution
		{578B1080-7F39-44FF-8001-54BBBC1132AB}.Debug|Any CPU.ActiveCfg = Debug|Any CPU
		{578B1080-7F39-44FF-8001-54BBBC1132AB}.Debug|Any CPU.Build.0 = Debug|Any CPU
		{578B1080-7F39-44FF-8001-54BBBC1132AB}.Debug|x64.ActiveCfg = Debug|Any CPU
		{578B1080-7F39-44FF-8001-54BBBC1132AB}.Debug|x64.Build.0 = Debug|Any CPU
		{578B1080-7F39-44FF-8001-54BBBC1132AB}.Debug|x86.ActiveCfg = Debug|Any CPU
		{578B1080-7F39-44FF-8001-54BBBC1132AB}.Debug|x86.Build.0 = Debug|Any CPU
		{578B1080-7F39-44FF-8001-54BBBC1132AB}.Release|Any CPU.ActiveCfg = Release|Any CPU
		{578B1080-7F39-44FF-8001-54BBBC1132AB}.Release|Any CPU.Build.0 = Release|Any CPU
		{578B1080-7F39-44FF-8001-54BBBC1132AB}.Release|x64.ActiveCfg = Release|Any CPU
		{578B1080-7F39-44FF-8001-54BBBC1132AB}.Release|x64.Build.0 = Release|Any CPU
		{578B1080-7F39-44FF-8001-54BBBC1132AB}.Release|x86.ActiveCfg = Release|Any CPU
		{578B1080-7F39-44FF-8001-54BBBC1132AB}.Release|x86.Build.0 = Release|Any CPU
		{34F0DD4E-BFF4-4B68-BBF1-2EDE6983F70D}.Debug|Any CPU.ActiveCfg = Debug|Any CPU
		{34F0DD4E-BFF4-4B68-BBF1-2EDE6983F70D}.Debug|Any CPU.Build.0 = Debug|Any CPU
		{34F0DD4E-BFF4-4B68-BBF1-2EDE6983F70D}.Debug|x64.ActiveCfg = Debug|Any CPU
		{34F0DD4E-BFF4-4B68-BBF1-2EDE6983F70D}.Debug|x64.Build.0 = Debug|Any CPU
		{34F0DD4E-BFF4-4B68-BBF1-2EDE6983F70D}.Debug|x86.ActiveCfg = Debug|Any CPU
		{34F0DD4E-BFF4-4B68-BBF1-2EDE6983F70D}.Debug|x86.Build.0 = Debug|Any CPU
		{34F0DD4E-BFF4-4B68-BBF1-2EDE6983F70D}.Release|Any CPU.ActiveCfg = Release|Any CPU
		{34F0DD4E-BFF4-4B68-BBF1-2EDE6983F70D}.Release|Any CPU.Build.0 = Release|Any CPU
		{34F0DD4E-BFF4-4B68-BBF1-2EDE6983F70D}.Release|x64.ActiveCfg = Release|Any CPU
		{34F0DD4E-BFF4-4B68-BBF1-2EDE6983F70D}.Release|x64.Build.0 = Release|Any CPU
		{34F0DD4E-BFF4-4B68-BBF1-2EDE6983F70D}.Release|x86.ActiveCfg = Release|Any CPU
		{34F0DD4E-BFF4-4B68-BBF1-2EDE6983F70D}.Release|x86.Build.0 = Release|Any CPU
		{BB5D1585-82E1-4F89-9C8C-0D4983918E91}.Debug|Any CPU.ActiveCfg = Debug|Any CPU
		{BB5D1585-82E1-4F89-9C8C-0D4983918E91}.Debug|Any CPU.Build.0 = Debug|Any CPU
		{BB5D1585-82E1-4F89-9C8C-0D4983918E91}.Debug|x64.ActiveCfg = Debug|Any CPU
		{BB5D1585-82E1-4F89-9C8C-0D4983918E91}.Debug|x64.Build.0 = Debug|Any CPU
		{BB5D1585-82E1-4F89-9C8C-0D4983918E91}.Debug|x86.ActiveCfg = Debug|Any CPU
		{BB5D1585-82E1-4F89-9C8C-0D4983918E91}.Debug|x86.Build.0 = Debug|Any CPU
		{BB5D1585-82E1-4F89-9C8C-0D4983918E91}.Release|Any CPU.ActiveCfg = Release|Any CPU
		{BB5D1585-82E1-4F89-9C8C-0D4983918E91}.Release|Any CPU.Build.0 = Release|Any CPU
		{BB5D1585-82E1-4F89-9C8C-0D4983918E91}.Release|x64.ActiveCfg = Release|Any CPU
		{BB5D1585-82E1-4F89-9C8C-0D4983918E91}.Release|x64.Build.0 = Release|Any CPU
		{BB5D1585-82E1-4F89-9C8C-0D4983918E91}.Release|x86.ActiveCfg = Release|Any CPU
		{BB5D1585-82E1-4F89-9C8C-0D4983918E91}.Release|x86.Build.0 = Release|Any CPU
		{4B2535A5-09EA-4AB2-98D4-7EA42037D572}.Debug|Any CPU.ActiveCfg = Debug|Any CPU
		{4B2535A5-09EA-4AB2-98D4-7EA42037D572}.Debug|Any CPU.Build.0 = Debug|Any CPU
		{4B2535A5-09EA-4AB2-98D4-7EA42037D572}.Debug|x64.ActiveCfg = Debug|Any CPU
		{4B2535A5-09EA-4AB2-98D4-7EA42037D572}.Debug|x64.Build.0 = Debug|Any CPU
		{4B2535A5-09EA-4AB2-98D4-7EA42037D572}.Debug|x86.ActiveCfg = Debug|Any CPU
		{4B2535A5-09EA-4AB2-98D4-7EA42037D572}.Debug|x86.Build.0 = Debug|Any CPU
		{4B2535A5-09EA-4AB2-98D4-7EA42037D572}.Release|Any CPU.ActiveCfg = Release|Any CPU
		{4B2535A5-09EA-4AB2-98D4-7EA42037D572}.Release|Any CPU.Build.0 = Release|Any CPU
		{4B2535A5-09EA-4AB2-98D4-7EA42037D572}.Release|x64.ActiveCfg = Release|Any CPU
		{4B2535A5-09EA-4AB2-98D4-7EA42037D572}.Release|x64.Build.0 = Release|Any CPU
		{4B2535A5-09EA-4AB2-98D4-7EA42037D572}.Release|x86.ActiveCfg = Release|Any CPU
		{4B2535A5-09EA-4AB2-98D4-7EA42037D572}.Release|x86.Build.0 = Release|Any CPU
		{12D9C53E-80ED-48C0-B36E-A1EFCF13B2EB}.Debug|Any CPU.ActiveCfg = Debug|Any CPU
		{12D9C53E-80ED-48C0-B36E-A1EFCF13B2EB}.Debug|Any CPU.Build.0 = Debug|Any CPU
		{12D9C53E-80ED-48C0-B36E-A1EFCF13B2EB}.Debug|x64.ActiveCfg = Debug|Any CPU
		{12D9C53E-80ED-48C0-B36E-A1EFCF13B2EB}.Debug|x64.Build.0 = Debug|Any CPU
		{12D9C53E-80ED-48C0-B36E-A1EFCF13B2EB}.Debug|x86.ActiveCfg = Debug|Any CPU
		{12D9C53E-80ED-48C0-B36E-A1EFCF13B2EB}.Debug|x86.Build.0 = Debug|Any CPU
		{12D9C53E-80ED-48C0-B36E-A1EFCF13B2EB}.Release|Any CPU.ActiveCfg = Release|Any CPU
		{12D9C53E-80ED-48C0-B36E-A1EFCF13B2EB}.Release|Any CPU.Build.0 = Release|Any CPU
		{12D9C53E-80ED-48C0-B36E-A1EFCF13B2EB}.Release|x64.ActiveCfg = Release|Any CPU
		{12D9C53E-80ED-48C0-B36E-A1EFCF13B2EB}.Release|x64.Build.0 = Release|Any CPU
		{12D9C53E-80ED-48C0-B36E-A1EFCF13B2EB}.Release|x86.ActiveCfg = Release|Any CPU
		{12D9C53E-80ED-48C0-B36E-A1EFCF13B2EB}.Release|x86.Build.0 = Release|Any CPU
		{FF0D5DA9-8F17-46CF-8940-C8B3EF6628D2}.Debug|Any CPU.ActiveCfg = Debug|Any CPU
		{FF0D5DA9-8F17-46CF-8940-C8B3EF6628D2}.Debug|Any CPU.Build.0 = Debug|Any CPU
		{FF0D5DA9-8F17-46CF-8940-C8B3EF6628D2}.Debug|x64.ActiveCfg = Debug|x64
		{FF0D5DA9-8F17-46CF-8940-C8B3EF6628D2}.Debug|x64.Build.0 = Debug|x64
		{FF0D5DA9-8F17-46CF-8940-C8B3EF6628D2}.Debug|x86.ActiveCfg = Debug|x86
		{FF0D5DA9-8F17-46CF-8940-C8B3EF6628D2}.Debug|x86.Build.0 = Debug|x86
		{FF0D5DA9-8F17-46CF-8940-C8B3EF6628D2}.Release|Any CPU.ActiveCfg = Release|Any CPU
		{FF0D5DA9-8F17-46CF-8940-C8B3EF6628D2}.Release|Any CPU.Build.0 = Release|Any CPU
		{FF0D5DA9-8F17-46CF-8940-C8B3EF6628D2}.Release|x64.ActiveCfg = Release|x64
		{FF0D5DA9-8F17-46CF-8940-C8B3EF6628D2}.Release|x64.Build.0 = Release|x64
		{FF0D5DA9-8F17-46CF-8940-C8B3EF6628D2}.Release|x86.ActiveCfg = Release|x86
		{FF0D5DA9-8F17-46CF-8940-C8B3EF6628D2}.Release|x86.Build.0 = Release|x86
		{C5EFC439-902D-4195-BFCB-1F73CA79662A}.Debug|Any CPU.ActiveCfg = Debug|Any CPU
		{C5EFC439-902D-4195-BFCB-1F73CA79662A}.Debug|Any CPU.Build.0 = Debug|Any CPU
		{C5EFC439-902D-4195-BFCB-1F73CA79662A}.Debug|x64.ActiveCfg = Debug|x64
		{C5EFC439-902D-4195-BFCB-1F73CA79662A}.Debug|x64.Build.0 = Debug|x64
		{C5EFC439-902D-4195-BFCB-1F73CA79662A}.Debug|x86.ActiveCfg = Debug|x86
		{C5EFC439-902D-4195-BFCB-1F73CA79662A}.Debug|x86.Build.0 = Debug|x86
		{C5EFC439-902D-4195-BFCB-1F73CA79662A}.Release|Any CPU.ActiveCfg = Release|Any CPU
		{C5EFC439-902D-4195-BFCB-1F73CA79662A}.Release|Any CPU.Build.0 = Release|Any CPU
		{C5EFC439-902D-4195-BFCB-1F73CA79662A}.Release|x64.ActiveCfg = Release|x64
		{C5EFC439-902D-4195-BFCB-1F73CA79662A}.Release|x64.Build.0 = Release|x64
		{C5EFC439-902D-4195-BFCB-1F73CA79662A}.Release|x86.ActiveCfg = Release|x86
		{C5EFC439-902D-4195-BFCB-1F73CA79662A}.Release|x86.Build.0 = Release|x86
	EndGlobalSection
	GlobalSection(SolutionProperties) = preSolution
		HideSolutionNode = FALSE
	EndGlobalSection
	GlobalSection(ExtensibilityGlobals) = postSolution
		SolutionGuid = {F3AE590B-9C20-435F-A968-0BCBE5478B87}
	EndGlobalSection
EndGlobal
